
Microsoft Visual Studio Solution File, Format Version 10.00
# Visual Studio 2008
Project("{8BC9CEB8-8B4A-11D0-8D11-00A0C91BC942}") = "read-wavpcm", "read-wavpcm\read-wavpcm.vcproj", "{95D85E26-CA3D-4C5E-9FA6-C332D6A11A34}"
EndProject
Global
	GlobalSection(SolutionConfigurationPlatforms) = preSolution
		Debug|Win32 = Debug|Win32
		Debug|x64 = Debug|x64
		Release|Win32 = Release|Win32
		Release|x64 = Release|x64
	EndGlobalSection
	GlobalSection(ProjectConfigurationPlatforms) = postSolution
		{95D85E26-CA3D-4C5E-9FA6-C332D6A11A34}.Debug|Win32.ActiveCfg = Debug|Win32
		{95D85E26-CA3D-4C5E-9FA6-C332D6A11A34}.Debug|Win32.Build.0 = Debug|Win32
		{95D85E26-CA3D-4C5E-9FA6-C332D6A11A34}.Debug|x64.ActiveCfg = Debug|x64
		{95D85E26-CA3D-4C5E-9FA6-C332D6A11A34}.Debug|x64.Build.0 = Debug|x64
		{95D85E26-CA3D-4C5E-9FA6-C332D6A11A34}.Release|Win32.ActiveCfg = Release|Win32
		{95D85E26-CA3D-4C5E-9FA6-C332D6A11A34}.Release|Win32.Build.0 = Release|Win32
		{95D85E26-CA3D-4C5E-9FA6-C332D6A11A34}.Release|x64.ActiveCfg = Release|x64
		{95D85E26-CA3D-4C5E-9FA6-C332D6A11A34}.Release|x64.Build.0 = Release|x64
	EndGlobalSection
	GlobalSection(SolutionProperties) = preSolution
		HideSolutionNode = FALSE
	EndGlobalSection
EndGlobal
